
Microsoft Visual Studio Solution File, Format Version 12.00
# Visual Studio 15
VisualStudioVersion = 15.0.27004.2006
MinimumVisualStudioVersion = 10.0.40219.1
Project("{FAE04EC0-301F-11D3-BF4B-00C04F79EFBC}") = "Calculator", "Calculator\Calculator.csproj", "{FB194954-8696-4750-96C7-86A73C784E2B}"
EndProject
Global
	GlobalSection(SolutionConfigurationPlatforms) = preSolution
		Debug|Any CPU = Debug|Any CPU
		Release|Any CPU = Release|Any CPU
	EndGlobalSection
	GlobalSection(ProjectConfigurationPlatforms) = postSolution
		{FB194954-8696-4750-96C7-86A73C784E2B}.Debug|Any CPU.ActiveCfg = Debug|Any CPU
		{FB194954-8696-4750-96C7-86A73C784E2B}.Debug|Any CPU.Build.0 = Debug|Any CPU
		{FB194954-8696-4750-96C7-86A73C784E2B}.Release|Any CPU.ActiveCfg = Release|Any CPU
		{FB194954-8696-4750-96C7-86A73C784E2B}.Release|Any CPU.Build.0 = Release|Any CPU
	EndGlobalSection
	GlobalSection(SolutionProperties) = preSolution
		HideSolutionNode = FALSE
	EndGlobalSection
	GlobalSection(ExtensibilityGlobals) = postSolution
		SolutionGuid = {C7F1A961-0C3A-4BA0-91ED-190C83E06AF3}
	EndGlobalSection
EndGlobal
